
Microsoft Visual Studio Solution File, Format Version 12.00
# Visual Studio 2012
Project("{2150E333-8FDC-42A3-9474-1A3956D46DE8}") = "common", "common", "{0B712F17-9889-4CF1-82B2-9C81AF8BFF28}"
EndProject
Project("{FAE04EC0-301F-11D3-BF4B-00C04F79EFBC}") = "TNS.Win.Util", "TNS.Win.Util\TNS.Win.Util.csproj", "{3D435435-70E8-4486-992B-24AAA12B905D}"
EndProject
Project("{FAE04EC0-301F-11D3-BF4B-00C04F79EFBC}") = "TNS.Metadata", "TNS.Metadata\TNS.Metadata.csproj", "{E141F6EA-6F0B-42AD-A0F6-E356E21BB537}"
EndProject
Project("{FAE04EC0-301F-11D3-BF4B-00C04F79EFBC}") = "TNS.Win", "TNS.Win\TNS.Win.csproj", "{134D951A-2310-4AAF-9078-55DFFDA5B6D4}"
EndProject
Project("{2150E333-8FDC-42A3-9474-1A3956D46DE8}") = "application", "application", "{3D55935E-53EF-4F4D-A200-46B505046A2C}"
EndProject
Project("{FAE04EC0-301F-11D3-BF4B-00C04F79EFBC}") = "TNS.Db.MysqlService", "TNS.Db.Mysql\TNS.Db.MysqlService.csproj", "{0139A824-952F-4E72-B0A6-FC32A288A49E}"
EndProject
Project("{2150E333-8FDC-42A3-9474-1A3956D46DE8}") = "doc", "doc", "{0BD78634-0AAA-4DF7-A051-88E2766BF78E}"
	ProjectSection(SolutionItems) = preProject
		description.txt = description.txt
	EndProjectSection
EndProject
Project("{2150E333-8FDC-42A3-9474-1A3956D46DE8}") = "interface", "interface", "{CFAD76D5-0A75-4E0C-8537-F3C5F06FA86A}"
EndProject
Project("{FAE04EC0-301F-11D3-BF4B-00C04F79EFBC}") = "TNS.DataService.Interface", "TNS.DataService.Interface\TNS.DataService.Interface.csproj", "{31DCB93B-1AA1-42A1-B40B-C556D5EE0E2A}"
EndProject
Project("{FAE04EC0-301F-11D3-BF4B-00C04F79EFBC}") = "TNS.Db", "TNS.Db\TNS.Db.csproj", "{19DF19B2-A0AB-4443-A82A-EED14182DF03}"
EndProject
Project("{2150E333-8FDC-42A3-9474-1A3956D46DE8}") = "framework", "framework", "{D2DF1A74-CCED-42AF-BF2A-831D3982DD7C}"
EndProject
Project("{FAE04EC0-301F-11D3-BF4B-00C04F79EFBC}") = "TNS.Db.Util", "TNS.Db.Util\TNS.Db.Util.csproj", "{DEF8A7F1-5E35-4166-8D29-B8F69C5BDA43}"
EndProject
Project("{FAE04EC0-301F-11D3-BF4B-00C04F79EFBC}") = "TNS.Db.TestDataService", "TNS.Db.TestDataService\TNS.Db.TestDataService.csproj", "{911ACAB1-D36C-43BF-ABF0-BE2D62190DED}"
EndProject
Project("{FAE04EC0-301F-11D3-BF4B-00C04F79EFBC}") = "TNS.MVC4", "TNS.MVC4\TNS.MVC4.csproj", "{887605C5-6B92-454C-BEC8-5A6A8B2ADA8A}"
EndProject
Project("{6141683F-8A12-4E36-9623-2EB02B2C2303}") = "TNS.Install", "TNS.Install\TNS.Install.isproj", "{50C7F0D9-3A17-42E3-9076-D9F5A08875E9}"
	ProjectSection(ProjectDependencies) = postProject
		{134D951A-2310-4AAF-9078-55DFFDA5B6D4} = {134D951A-2310-4AAF-9078-55DFFDA5B6D4}
	EndProjectSection
EndProject
Project("{FAE04EC0-301F-11D3-BF4B-00C04F79EFBC}") = "TNS.Util", "TNS.Util\TNS.Util.csproj", "{8B73A1FD-6192-41C1-89A5-B8067F565D65}"
EndProject
Project("{FAE04EC0-301F-11D3-BF4B-00C04F79EFBC}") = "TNS.Web.Util", "TNS.Web.Util\TNS.Web.Util.csproj", "{E4F9D205-3BC5-4F9E-BE26-BF14533D8C10}"
EndProject
Project("{FAE04EC0-301F-11D3-BF4B-00C04F79EFBC}") = "TNF.Util", "TNF.Util\TNF.Util.csproj", "{E9C838DA-D42E-4737-8F6A-47FDA8A63586}"
EndProject
Project("{FAE04EC0-301F-11D3-BF4B-00C04F79EFBC}") = "Framework.Core", "FrameWork.Core\Framework.Core.csproj", "{DA1BCDA1-A646-41FE-AD10-406AD597E1D9}"
EndProject
Project("{FAE04EC0-301F-11D3-BF4B-00C04F79EFBC}") = "TNS.Db.JsonOnlineService", "TNS.Db.OnlineJsonService\TNS.Db.JsonOnlineService.csproj", "{74C3E02C-8AAC-46C0-9C79-CFD6E27601D9}"
EndProject
Project("{2150E333-8FDC-42A3-9474-1A3956D46DE8}") = "mockata", "mockata", "{E426775A-6D3E-4290-8B2A-1B4C6BB85287}"
EndProject
Project("{FAE04EC0-301F-11D3-BF4B-00C04F79EFBC}") = "Mockata", "Mockata\Mockata.csproj", "{FCDF737E-C59A-4B8F-9206-51856E6E3835}"
EndProject
Project("{FAE04EC0-301F-11D3-BF4B-00C04F79EFBC}") = "TNS.Upgrade", "TNS.Upgrade\TNS.Upgrade.csproj", "{47DC1AC8-7EB6-44A1-92D7-13971F9D22C6}"
EndProject
Global
	GlobalSection(SolutionConfigurationPlatforms) = preSolution
		CD_ROM|Any CPU = CD_ROM|Any CPU
		Debug|Any CPU = Debug|Any CPU
		DVD-5|Any CPU = DVD-5|Any CPU
		Release|Any CPU = Release|Any CPU
		SingleImage|Any CPU = SingleImage|Any CPU
	EndGlobalSection
	GlobalSection(ProjectConfigurationPlatforms) = postSolution
		{3D435435-70E8-4486-992B-24AAA12B905D}.CD_ROM|Any CPU.ActiveCfg = Release|Any CPU
		{3D435435-70E8-4486-992B-24AAA12B905D}.CD_ROM|Any CPU.Build.0 = Release|Any CPU
		{3D435435-70E8-4486-992B-24AAA12B905D}.Debug|Any CPU.ActiveCfg = Debug|Any CPU
		{3D435435-70E8-4486-992B-24AAA12B905D}.Debug|Any CPU.Build.0 = Debug|Any CPU
		{3D435435-70E8-4486-992B-24AAA12B905D}.DVD-5|Any CPU.ActiveCfg = Debug|Any CPU
		{3D435435-70E8-4486-992B-24AAA12B905D}.DVD-5|Any CPU.Build.0 = Debug|Any CPU
		{3D435435-70E8-4486-992B-24AAA12B905D}.Release|Any CPU.ActiveCfg = Release|Any CPU
		{3D435435-70E8-4486-992B-24AAA12B905D}.Release|Any CPU.Build.0 = Release|Any CPU
		{3D435435-70E8-4486-992B-24AAA12B905D}.SingleImage|Any CPU.ActiveCfg = Release|Any CPU
		{3D435435-70E8-4486-992B-24AAA12B905D}.SingleImage|Any CPU.Build.0 = Release|Any CPU
		{E141F6EA-6F0B-42AD-A0F6-E356E21BB537}.CD_ROM|Any CPU.ActiveCfg = Release|Any CPU
		{E141F6EA-6F0B-42AD-A0F6-E356E21BB537}.CD_ROM|Any CPU.Build.0 = Release|Any CPU
		{E141F6EA-6F0B-42AD-A0F6-E356E21BB537}.Debug|Any CPU.ActiveCfg = Debug|Any CPU
		{E141F6EA-6F0B-42AD-A0F6-E356E21BB537}.Debug|Any CPU.Build.0 = Debug|Any CPU
		{E141F6EA-6F0B-42AD-A0F6-E356E21BB537}.DVD-5|Any CPU.ActiveCfg = Debug|Any CPU
		{E141F6EA-6F0B-42AD-A0F6-E356E21BB537}.DVD-5|Any CPU.Build.0 = Debug|Any CPU
		{E141F6EA-6F0B-42AD-A0F6-E356E21BB537}.Release|Any CPU.ActiveCfg = Release|Any CPU
		{E141F6EA-6F0B-42AD-A0F6-E356E21BB537}.Release|Any CPU.Build.0 = Release|Any CPU
		{E141F6EA-6F0B-42AD-A0F6-E356E21BB537}.SingleImage|Any CPU.ActiveCfg = Release|Any CPU
		{E141F6EA-6F0B-42AD-A0F6-E356E21BB537}.SingleImage|Any CPU.Build.0 = Release|Any CPU
		{134D951A-2310-4AAF-9078-55DFFDA5B6D4}.CD_ROM|Any CPU.ActiveCfg = Release|Any CPU
		{134D951A-2310-4AAF-9078-55DFFDA5B6D4}.CD_ROM|Any CPU.Build.0 = Release|Any CPU
		{134D951A-2310-4AAF-9078-55DFFDA5B6D4}.Debug|Any CPU.ActiveCfg = Debug|Any CPU
		{134D951A-2310-4AAF-9078-55DFFDA5B6D4}.Debug|Any CPU.Build.0 = Debug|Any CPU
		{134D951A-2310-4AAF-9078-55DFFDA5B6D4}.DVD-5|Any CPU.ActiveCfg = Debug|Any CPU
		{134D951A-2310-4AAF-9078-55DFFDA5B6D4}.DVD-5|Any CPU.Build.0 = Debug|Any CPU
		{134D951A-2310-4AAF-9078-55DFFDA5B6D4}.Release|Any CPU.ActiveCfg = Release|Any CPU
		{134D951A-2310-4AAF-9078-55DFFDA5B6D4}.Release|Any CPU.Build.0 = Release|Any CPU
		{134D951A-2310-4AAF-9078-55DFFDA5B6D4}.SingleImage|Any CPU.ActiveCfg = Release|Any CPU
		{134D951A-2310-4AAF-9078-55DFFDA5B6D4}.SingleImage|Any CPU.Build.0 = Release|Any CPU
		{0139A824-952F-4E72-B0A6-FC32A288A49E}.CD_ROM|Any CPU.ActiveCfg = Release|Any CPU
		{0139A824-952F-4E72-B0A6-FC32A288A49E}.CD_ROM|Any CPU.Build.0 = Release|Any CPU
		{0139A824-952F-4E72-B0A6-FC32A288A49E}.Debug|Any CPU.ActiveCfg = Debug|Any CPU
		{0139A824-952F-4E72-B0A6-FC32A288A49E}.Debug|Any CPU.Build.0 = Debug|Any CPU
		{0139A824-952F-4E72-B0A6-FC32A288A49E}.DVD-5|Any CPU.ActiveCfg = Debug|Any CPU
		{0139A824-952F-4E72-B0A6-FC32A288A49E}.DVD-5|Any CPU.Build.0 = Debug|Any CPU
		{0139A824-952F-4E72-B0A6-FC32A288A49E}.Release|Any CPU.ActiveCfg = Release|Any CPU
		{0139A824-952F-4E72-B0A6-FC32A288A49E}.Release|Any CPU.Build.0 = Release|Any CPU
		{0139A824-952F-4E72-B0A6-FC32A288A49E}.SingleImage|Any CPU.ActiveCfg = Release|Any CPU
		{0139A824-952F-4E72-B0A6-FC32A288A49E}.SingleImage|Any CPU.Build.0 = Release|Any CPU
		{31DCB93B-1AA1-42A1-B40B-C556D5EE0E2A}.CD_ROM|Any CPU.ActiveCfg = Release|Any CPU
		{31DCB93B-1AA1-42A1-B40B-C556D5EE0E2A}.CD_ROM|Any CPU.Build.0 = Release|Any CPU
		{31DCB93B-1AA1-42A1-B40B-C556D5EE0E2A}.Debug|Any CPU.ActiveCfg = Debug|Any CPU
		{31DCB93B-1AA1-42A1-B40B-C556D5EE0E2A}.Debug|Any CPU.Build.0 = Debug|Any CPU
		{31DCB93B-1AA1-42A1-B40B-C556D5EE0E2A}.DVD-5|Any CPU.ActiveCfg = Debug|Any CPU
		{31DCB93B-1AA1-42A1-B40B-C556D5EE0E2A}.DVD-5|Any CPU.Build.0 = Debug|Any CPU
		{31DCB93B-1AA1-42A1-B40B-C556D5EE0E2A}.Release|Any CPU.ActiveCfg = Release|Any CPU
		{31DCB93B-1AA1-42A1-B40B-C556D5EE0E2A}.Release|Any CPU.Build.0 = Release|Any CPU
		{31DCB93B-1AA1-42A1-B40B-C556D5EE0E2A}.SingleImage|Any CPU.ActiveCfg = Release|Any CPU
		{31DCB93B-1AA1-42A1-B40B-C556D5EE0E2A}.SingleImage|Any CPU.Build.0 = Release|Any CPU
		{19DF19B2-A0AB-4443-A82A-EED14182DF03}.CD_ROM|Any CPU.ActiveCfg = Release|Any CPU
		{19DF19B2-A0AB-4443-A82A-EED14182DF03}.CD_ROM|Any CPU.Build.0 = Release|Any CPU
		{19DF19B2-A0AB-4443-A82A-EED14182DF03}.Debug|Any CPU.ActiveCfg = Debug|Any CPU
		{19DF19B2-A0AB-4443-A82A-EED14182DF03}.Debug|Any CPU.Build.0 = Debug|Any CPU
		{19DF19B2-A0AB-4443-A82A-EED14182DF03}.DVD-5|Any CPU.ActiveCfg = Debug|Any CPU
		{19DF19B2-A0AB-4443-A82A-EED14182DF03}.DVD-5|Any CPU.Build.0 = Debug|Any CPU
		{19DF19B2-A0AB-4443-A82A-EED14182DF03}.Release|Any CPU.ActiveCfg = Release|Any CPU
		{19DF19B2-A0AB-4443-A82A-EED14182DF03}.Release|Any CPU.Build.0 = Release|Any CPU
		{19DF19B2-A0AB-4443-A82A-EED14182DF03}.SingleImage|Any CPU.ActiveCfg = Release|Any CPU
		{19DF19B2-A0AB-4443-A82A-EED14182DF03}.SingleImage|Any CPU.Build.0 = Release|Any CPU
		{DEF8A7F1-5E35-4166-8D29-B8F69C5BDA43}.CD_ROM|Any CPU.ActiveCfg = Release|Any CPU
		{DEF8A7F1-5E35-4166-8D29-B8F69C5BDA43}.CD_ROM|Any CPU.Build.0 = Release|Any CPU
		{DEF8A7F1-5E35-4166-8D29-B8F69C5BDA43}.Debug|Any CPU.ActiveCfg = Debug|Any CPU
		{DEF8A7F1-5E35-4166-8D29-B8F69C5BDA43}.Debug|Any CPU.Build.0 = Debug|Any CPU
		{DEF8A7F1-5E35-4166-8D29-B8F69C5BDA43}.DVD-5|Any CPU.ActiveCfg = Debug|Any CPU
		{DEF8A7F1-5E35-4166-8D29-B8F69C5BDA43}.DVD-5|Any CPU.Build.0 = Debug|Any CPU
		{DEF8A7F1-5E35-4166-8D29-B8F69C5BDA43}.Release|Any CPU.ActiveCfg = Release|Any CPU
		{DEF8A7F1-5E35-4166-8D29-B8F69C5BDA43}.Release|Any CPU.Build.0 = Release|Any CPU
		{DEF8A7F1-5E35-4166-8D29-B8F69C5BDA43}.SingleImage|Any CPU.ActiveCfg = Release|Any CPU
		{DEF8A7F1-5E35-4166-8D29-B8F69C5BDA43}.SingleImage|Any CPU.Build.0 = Release|Any CPU
		{911ACAB1-D36C-43BF-ABF0-BE2D62190DED}.CD_ROM|Any CPU.ActiveCfg = Release|Any CPU
		{911ACAB1-D36C-43BF-ABF0-BE2D62190DED}.CD_ROM|Any CPU.Build.0 = Release|Any CPU
		{911ACAB1-D36C-43BF-ABF0-BE2D62190DED}.Debug|Any CPU.ActiveCfg = Debug|Any CPU
		{911ACAB1-D36C-43BF-ABF0-BE2D62190DED}.Debug|Any CPU.Build.0 = Debug|Any CPU
		{911ACAB1-D36C-43BF-ABF0-BE2D62190DED}.DVD-5|Any CPU.ActiveCfg = Debug|Any CPU
		{911ACAB1-D36C-43BF-ABF0-BE2D62190DED}.DVD-5|Any CPU.Build.0 = Debug|Any CPU
		{911ACAB1-D36C-43BF-ABF0-BE2D62190DED}.Release|Any CPU.ActiveCfg = Release|Any CPU
		{911ACAB1-D36C-43BF-ABF0-BE2D62190DED}.Release|Any CPU.Build.0 = Release|Any CPU
		{911ACAB1-D36C-43BF-ABF0-BE2D62190DED}.SingleImage|Any CPU.ActiveCfg = Release|Any CPU
		{911ACAB1-D36C-43BF-ABF0-BE2D62190DED}.SingleImage|Any CPU.Build.0 = Release|Any CPU
		{887605C5-6B92-454C-BEC8-5A6A8B2ADA8A}.CD_ROM|Any CPU.ActiveCfg = Release|Any CPU
		{887605C5-6B92-454C-BEC8-5A6A8B2ADA8A}.CD_ROM|Any CPU.Build.0 = Release|Any CPU
		{887605C5-6B92-454C-BEC8-5A6A8B2ADA8A}.Debug|Any CPU.ActiveCfg = Debug|Any CPU
		{887605C5-6B92-454C-BEC8-5A6A8B2ADA8A}.Debug|Any CPU.Build.0 = Debug|Any CPU
		{887605C5-6B92-454C-BEC8-5A6A8B2ADA8A}.DVD-5|Any CPU.ActiveCfg = Debug|Any CPU
		{887605C5-6B92-454C-BEC8-5A6A8B2ADA8A}.DVD-5|Any CPU.Build.0 = Debug|Any CPU
		{887605C5-6B92-454C-BEC8-5A6A8B2ADA8A}.Release|Any CPU.ActiveCfg = Release|Any CPU
		{887605C5-6B92-454C-BEC8-5A6A8B2ADA8A}.Release|Any CPU.Build.0 = Release|Any CPU
		{887605C5-6B92-454C-BEC8-5A6A8B2ADA8A}.SingleImage|Any CPU.ActiveCfg = Release|Any CPU
		{887605C5-6B92-454C-BEC8-5A6A8B2ADA8A}.SingleImage|Any CPU.Build.0 = Release|Any CPU
		{50C7F0D9-3A17-42E3-9076-D9F5A08875E9}.CD_ROM|Any CPU.ActiveCfg = CD_ROM
		{50C7F0D9-3A17-42E3-9076-D9F5A08875E9}.CD_ROM|Any CPU.Build.0 = CD_ROM
		{50C7F0D9-3A17-42E3-9076-D9F5A08875E9}.Debug|Any CPU.ActiveCfg = DVD-5
		{50C7F0D9-3A17-42E3-9076-D9F5A08875E9}.Debug|Any CPU.Build.0 = DVD-5
		{50C7F0D9-3A17-42E3-9076-D9F5A08875E9}.DVD-5|Any CPU.ActiveCfg = DVD-5
		{50C7F0D9-3A17-42E3-9076-D9F5A08875E9}.DVD-5|Any CPU.Build.0 = DVD-5
		{50C7F0D9-3A17-42E3-9076-D9F5A08875E9}.Release|Any CPU.ActiveCfg = SingleImage
		{50C7F0D9-3A17-42E3-9076-D9F5A08875E9}.Release|Any CPU.Build.0 = SingleImage
		{50C7F0D9-3A17-42E3-9076-D9F5A08875E9}.SingleImage|Any CPU.ActiveCfg = SingleImage
		{50C7F0D9-3A17-42E3-9076-D9F5A08875E9}.SingleImage|Any CPU.Build.0 = SingleImage
		{8B73A1FD-6192-41C1-89A5-B8067F565D65}.CD_ROM|Any CPU.ActiveCfg = Release|Any CPU
		{8B73A1FD-6192-41C1-89A5-B8067F565D65}.CD_ROM|Any CPU.Build.0 = Release|Any CPU
		{8B73A1FD-6192-41C1-89A5-B8067F565D65}.Debug|Any CPU.ActiveCfg = Debug|Any CPU
		{8B73A1FD-6192-41C1-89A5-B8067F565D65}.Debug|Any CPU.Build.0 = Debug|Any CPU
		{8B73A1FD-6192-41C1-89A5-B8067F565D65}.DVD-5|Any CPU.ActiveCfg = Debug|Any CPU
		{8B73A1FD-6192-41C1-89A5-B8067F565D65}.DVD-5|Any CPU.Build.0 = Debug|Any CPU
		{8B73A1FD-6192-41C1-89A5-B8067F565D65}.Release|Any CPU.ActiveCfg = Release|Any CPU
		{8B73A1FD-6192-41C1-89A5-B8067F565D65}.Release|Any CPU.Build.0 = Release|Any CPU
		{8B73A1FD-6192-41C1-89A5-B8067F565D65}.SingleImage|Any CPU.ActiveCfg = Release|Any CPU
		{8B73A1FD-6192-41C1-89A5-B8067F565D65}.SingleImage|Any CPU.Build.0 = Release|Any CPU
		{E4F9D205-3BC5-4F9E-BE26-BF14533D8C10}.CD_ROM|Any CPU.ActiveCfg = Release|Any CPU
		{E4F9D205-3BC5-4F9E-BE26-BF14533D8C10}.CD_ROM|Any CPU.Build.0 = Release|Any CPU
		{E4F9D205-3BC5-4F9E-BE26-BF14533D8C10}.Debug|Any CPU.ActiveCfg = Debug|Any CPU
		{E4F9D205-3BC5-4F9E-BE26-BF14533D8C10}.Debug|Any CPU.Build.0 = Debug|Any CPU
		{E4F9D205-3BC5-4F9E-BE26-BF14533D8C10}.DVD-5|Any CPU.ActiveCfg = Debug|Any CPU
		{E4F9D205-3BC5-4F9E-BE26-BF14533D8C10}.DVD-5|Any CPU.Build.0 = Debug|Any CPU
		{E4F9D205-3BC5-4F9E-BE26-BF14533D8C10}.Release|Any CPU.ActiveCfg = Release|Any CPU
		{E4F9D205-3BC5-4F9E-BE26-BF14533D8C10}.Release|Any CPU.Build.0 = Release|Any CPU
		{E4F9D205-3BC5-4F9E-BE26-BF14533D8C10}.SingleImage|Any CPU.ActiveCfg = Release|Any CPU
		{E4F9D205-3BC5-4F9E-BE26-BF14533D8C10}.SingleImage|Any CPU.Build.0 = Release|Any CPU
		{E9C838DA-D42E-4737-8F6A-47FDA8A63586}.CD_ROM|Any CPU.ActiveCfg = Release|Any CPU
		{E9C838DA-D42E-4737-8F6A-47FDA8A63586}.CD_ROM|Any CPU.Build.0 = Release|Any CPU
		{E9C838DA-D42E-4737-8F6A-47FDA8A63586}.Debug|Any CPU.ActiveCfg = Debug|Any CPU
		{E9C838DA-D42E-4737-8F6A-47FDA8A63586}.Debug|Any CPU.Build.0 = Debug|Any CPU
		{E9C838DA-D42E-4737-8F6A-47FDA8A63586}.DVD-5|Any CPU.ActiveCfg = Debug|Any CPU
		{E9C838DA-D42E-4737-8F6A-47FDA8A63586}.DVD-5|Any CPU.Build.0 = Debug|Any CPU
		{E9C838DA-D42E-4737-8F6A-47FDA8A63586}.Release|Any CPU.ActiveCfg = Release|Any CPU
		{E9C838DA-D42E-4737-8F6A-47FDA8A63586}.Release|Any CPU.Build.0 = Release|Any CPU
		{E9C838DA-D42E-4737-8F6A-47FDA8A63586}.SingleImage|Any CPU.ActiveCfg = Release|Any CPU
		{E9C838DA-D42E-4737-8F6A-47FDA8A63586}.SingleImage|Any CPU.Build.0 = Release|Any CPU
		{DA1BCDA1-A646-41FE-AD10-406AD597E1D9}.CD_ROM|Any CPU.ActiveCfg = Release|Any CPU
		{DA1BCDA1-A646-41FE-AD10-406AD597E1D9}.CD_ROM|Any CPU.Build.0 = Release|Any CPU
		{DA1BCDA1-A646-41FE-AD10-406AD597E1D9}.Debug|Any CPU.ActiveCfg = Debug|Any CPU
		{DA1BCDA1-A646-41FE-AD10-406AD597E1D9}.Debug|Any CPU.Build.0 = Debug|Any CPU
		{DA1BCDA1-A646-41FE-AD10-406AD597E1D9}.DVD-5|Any CPU.ActiveCfg = Debug|Any CPU
		{DA1BCDA1-A646-41FE-AD10-406AD597E1D9}.DVD-5|Any CPU.Build.0 = Debug|Any CPU
		{DA1BCDA1-A646-41FE-AD10-406AD597E1D9}.Release|Any CPU.ActiveCfg = Release|Any CPU
		{DA1BCDA1-A646-41FE-AD10-406AD597E1D9}.Release|Any CPU.Build.0 = Release|Any CPU
		{DA1BCDA1-A646-41FE-AD10-406AD597E1D9}.SingleImage|Any CPU.ActiveCfg = Release|Any CPU
		{DA1BCDA1-A646-41FE-AD10-406AD597E1D9}.SingleImage|Any CPU.Build.0 = Release|Any CPU
		{74C3E02C-8AAC-46C0-9C79-CFD6E27601D9}.CD_ROM|Any CPU.ActiveCfg = Release|Any CPU
		{74C3E02C-8AAC-46C0-9C79-CFD6E27601D9}.CD_ROM|Any CPU.Build.0 = Release|Any CPU
		{74C3E02C-8AAC-46C0-9C79-CFD6E27601D9}.Debug|Any CPU.ActiveCfg = Debug|Any CPU
		{74C3E02C-8AAC-46C0-9C79-CFD6E27601D9}.Debug|Any CPU.Build.0 = Debug|Any CPU
		{74C3E02C-8AAC-46C0-9C79-CFD6E27601D9}.DVD-5|Any CPU.ActiveCfg = Debug|Any CPU
		{74C3E02C-8AAC-46C0-9C79-CFD6E27601D9}.DVD-5|Any CPU.Build.0 = Debug|Any CPU
		{74C3E02C-8AAC-46C0-9C79-CFD6E27601D9}.Release|Any CPU.ActiveCfg = Release|Any CPU
		{74C3E02C-8AAC-46C0-9C79-CFD6E27601D9}.Release|Any CPU.Build.0 = Release|Any CPU
		{74C3E02C-8AAC-46C0-9C79-CFD6E27601D9}.SingleImage|Any CPU.ActiveCfg = Release|Any CPU
		{74C3E02C-8AAC-46C0-9C79-CFD6E27601D9}.SingleImage|Any CPU.Build.0 = Release|Any CPU
		{FCDF737E-C59A-4B8F-9206-51856E6E3835}.CD_ROM|Any CPU.ActiveCfg = Release|Any CPU
		{FCDF737E-C59A-4B8F-9206-51856E6E3835}.CD_ROM|Any CPU.Build.0 = Release|Any CPU
		{FCDF737E-C59A-4B8F-9206-51856E6E3835}.Debug|Any CPU.ActiveCfg = Debug|Any CPU
		{FCDF737E-C59A-4B8F-9206-51856E6E3835}.Debug|Any CPU.Build.0 = Debug|Any CPU
		{FCDF737E-C59A-4B8F-9206-51856E6E3835}.DVD-5|Any CPU.ActiveCfg = Debug|Any CPU
		{FCDF737E-C59A-4B8F-9206-51856E6E3835}.DVD-5|Any CPU.Build.0 = Debug|Any CPU
		{FCDF737E-C59A-4B8F-9206-51856E6E3835}.Release|Any CPU.ActiveCfg = Release|Any CPU
		{FCDF737E-C59A-4B8F-9206-51856E6E3835}.Release|Any CPU.Build.0 = Release|Any CPU
		{FCDF737E-C59A-4B8F-9206-51856E6E3835}.SingleImage|Any CPU.ActiveCfg = Release|Any CPU
		{FCDF737E-C59A-4B8F-9206-51856E6E3835}.SingleImage|Any CPU.Build.0 = Release|Any CPU
		{47DC1AC8-7EB6-44A1-92D7-13971F9D22C6}.CD_ROM|Any CPU.ActiveCfg = Release|Any CPU
		{47DC1AC8-7EB6-44A1-92D7-13971F9D22C6}.CD_ROM|Any CPU.Build.0 = Release|Any CPU
		{47DC1AC8-7EB6-44A1-92D7-13971F9D22C6}.Debug|Any CPU.ActiveCfg = Debug|Any CPU
		{47DC1AC8-7EB6-44A1-92D7-13971F9D22C6}.Debug|Any CPU.Build.0 = Debug|Any CPU
		{47DC1AC8-7EB6-44A1-92D7-13971F9D22C6}.DVD-5|Any CPU.ActiveCfg = Debug|Any CPU
		{47DC1AC8-7EB6-44A1-92D7-13971F9D22C6}.DVD-5|Any CPU.Build.0 = Debug|Any CPU
		{47DC1AC8-7EB6-44A1-92D7-13971F9D22C6}.Release|Any CPU.ActiveCfg = Release|Any CPU
		{47DC1AC8-7EB6-44A1-92D7-13971F9D22C6}.Release|Any CPU.Build.0 = Release|Any CPU
		{47DC1AC8-7EB6-44A1-92D7-13971F9D22C6}.SingleImage|Any CPU.ActiveCfg = Release|Any CPU
		{47DC1AC8-7EB6-44A1-92D7-13971F9D22C6}.SingleImage|Any CPU.Build.0 = Release|Any CPU
	EndGlobalSection
	GlobalSection(SolutionProperties) = preSolution
		HideSolutionNode = FALSE
	EndGlobalSection
	GlobalSection(NestedProjects) = preSolution
		{3D435435-70E8-4486-992B-24AAA12B905D} = {0B712F17-9889-4CF1-82B2-9C81AF8BFF28}
		{E141F6EA-6F0B-42AD-A0F6-E356E21BB537} = {0B712F17-9889-4CF1-82B2-9C81AF8BFF28}
		{19DF19B2-A0AB-4443-A82A-EED14182DF03} = {0B712F17-9889-4CF1-82B2-9C81AF8BFF28}
		{DEF8A7F1-5E35-4166-8D29-B8F69C5BDA43} = {0B712F17-9889-4CF1-82B2-9C81AF8BFF28}
		{8B73A1FD-6192-41C1-89A5-B8067F565D65} = {0B712F17-9889-4CF1-82B2-9C81AF8BFF28}
		{E4F9D205-3BC5-4F9E-BE26-BF14533D8C10} = {0B712F17-9889-4CF1-82B2-9C81AF8BFF28}
		{134D951A-2310-4AAF-9078-55DFFDA5B6D4} = {3D55935E-53EF-4F4D-A200-46B505046A2C}
		{887605C5-6B92-454C-BEC8-5A6A8B2ADA8A} = {3D55935E-53EF-4F4D-A200-46B505046A2C}
		{47DC1AC8-7EB6-44A1-92D7-13971F9D22C6} = {3D55935E-53EF-4F4D-A200-46B505046A2C}
		{0139A824-952F-4E72-B0A6-FC32A288A49E} = {D2DF1A74-CCED-42AF-BF2A-831D3982DD7C}
		{911ACAB1-D36C-43BF-ABF0-BE2D62190DED} = {D2DF1A74-CCED-42AF-BF2A-831D3982DD7C}
		{E9C838DA-D42E-4737-8F6A-47FDA8A63586} = {D2DF1A74-CCED-42AF-BF2A-831D3982DD7C}
		{DA1BCDA1-A646-41FE-AD10-406AD597E1D9} = {D2DF1A74-CCED-42AF-BF2A-831D3982DD7C}
		{74C3E02C-8AAC-46C0-9C79-CFD6E27601D9} = {D2DF1A74-CCED-42AF-BF2A-831D3982DD7C}
		{31DCB93B-1AA1-42A1-B40B-C556D5EE0E2A} = {CFAD76D5-0A75-4E0C-8537-F3C5F06FA86A}
		{FCDF737E-C59A-4B8F-9206-51856E6E3835} = {E426775A-6D3E-4290-8B2A-1B4C6BB85287}
	EndGlobalSection
EndGlobal
